{
  "nodes": {
    "chrome-pwa": {
      "inputs": {
        "nixpkgs": "nixpkgs"
      },
      "locked": {
        "lastModified": 1662039232,
        "narHash": "sha256-hzEjp/ENDpdAqHPfZL6w0ugMxidgOSPTA4K5TNjLvWA=",
        "owner": "luis-hebendanz",
        "repo": "nixos-chrome-pwa",
        "rev": "2b4cab0dde278b40d3774c87ef18074cb1b9707f",
        "type": "github"
      },
      "original": {
        "owner": "luis-hebendanz",
        "repo": "nixos-chrome-pwa",
        "type": "github"
      }
    },
    "luispkgs": {
      "locked": {
        "lastModified": 1688589933,
        "narHash": "sha256-fRsD8WqrJjfzFZ7fW+A6my2L1MxeQfhy8JMJnpSgcv0=",
        "owner": "Luis-Hebendanz",
        "repo": "nixpkgs",
        "rev": "a29b3eb0f12236ddd5be13587a561ac6f94cd799",
        "type": "github"
      },
      "original": {
        "owner": "Luis-Hebendanz",
        "ref": "luispkgs",
        "repo": "nixpkgs",
        "type": "github"
      }
    },
    "master": {
      "locked": {
        "lastModified": 1690703350,
        "narHash": "sha256-hIQrDDpAy6/3M2uCGZjd8atF/XuQP/Vv5vmAEWHblu4=",
        "owner": "NixOS",
        "repo": "nixpkgs",
        "rev": "e2022dbe6f691e98396ea5fdbacd6ad3be130ba5",
        "type": "github"
      },
      "original": {
        "owner": "NixOS",
        "ref": "master",
        "repo": "nixpkgs",
        "type": "github"
      }
    },
    "nixpkgs": {
      "locked": {
        "lastModified": 1655361562,
        "narHash": "sha256-chPaIIhmdL6jdZWpf/K6yQCsuBNOYuMqbJsNpLfrdTE=",
        "owner": "NixOS",
        "repo": "nixpkgs",
        "rev": "0b59d075675dc28bf9ebab466033280096c8d4fe",
        "type": "github"
      },
      "original": {
        "id": "nixpkgs",
        "type": "indirect"
      }
    },
    "nixpkgs_2": {
      "locked": {
        "lastModified": 1690558459,
        "narHash": "sha256-5W7y1l2cLYPkpJGNlAja7XW2X2o9rjf0O1mo9nxS9jQ=",
        "owner": "NixOS",
        "repo": "nixpkgs",
        "rev": "48e82fe1b1c863ee26a33ce9bd39621d2ada0a33",
        "type": "github"
      },
      "original": {
        "owner": "NixOS",
        "ref": "nixos-23.05",
        "repo": "nixpkgs",
        "type": "github"
      }
    },
    "nur": {
      "locked": {
        "lastModified": 1690705896,
        "narHash": "sha256-JqMHkApL84JZKRscvNn4Hc7VldPdL8XBjFYuZn4WPnY=",
        "owner": "nix-community",
        "repo": "NUR",
        "rev": "930eb01e0974035501c66a1c7104e7d7e2152e90",
        "type": "github"
      },
      "original": {
        "owner": "nix-community",
        "repo": "NUR",
        "type": "github"
      }
    },
    "retiolum": {
      "flake": false,
      "locked": {
        "lastModified": 1690585210,
        "narHash": "sha256-2AvPueR/Ma5keG0vAjKn9jEb6Yu3xVV+7SE6kQRXb+k=",
        "owner": "Mic92",
        "repo": "retiolum",
        "rev": "6c500ce24e1234d498e4da9718065ce154579192",
        "type": "github"
      },
      "original": {
        "owner": "Mic92",
        "repo": "retiolum",
        "type": "github"
      }
    },
    "root": {
      "inputs": {
        "chrome-pwa": "chrome-pwa",
        "luispkgs": "luispkgs",
        "master": "master",
        "nixpkgs": "nixpkgs_2",
        "nur": "nur",
        "retiolum": "retiolum",
        "unstable": "unstable"
      }
    },
    "unstable": {
      "locked": {
        "lastModified": 1690548937,
        "narHash": "sha256-x3ZOPGLvtC0/+iFAg9Kvqm/8hTAIkGjc634SqtgaXTA=",
        "owner": "NixOS",
        "repo": "nixpkgs",
        "rev": "2a9d660ff0f7ffde9d73be328ee6e6f10ef66b28",
        "type": "github"
      },
      "original": {
        "owner": "NixOS",
        "ref": "nixos-unstable",
        "repo": "nixpkgs",
        "type": "github"
      }
    }
  },
  "root": "root",
  "version": 7
}
