{
  "nodes": {
    "chrome-pwa": {
      "inputs": {
        "nixpkgs": "nixpkgs"
      },
      "locked": {
        "lastModified": 1662039232,
        "narHash": "sha256-hzEjp/ENDpdAqHPfZL6w0ugMxidgOSPTA4K5TNjLvWA=",
        "owner": "luis-hebendanz",
        "repo": "nixos-chrome-pwa",
        "rev": "2b4cab0dde278b40d3774c87ef18074cb1b9707f",
        "type": "github"
      },
      "original": {
        "owner": "luis-hebendanz",
        "repo": "nixos-chrome-pwa",
        "type": "github"
      }
    },
    "clan-core": {
      "inputs": {
        "disko": "disko",
        "flake-parts": "flake-parts",
        "nixos-generators": "nixos-generators",
        "nixpkgs": "nixpkgs_2",
        "sops-nix": "sops-nix",
        "treefmt-nix": "treefmt-nix"
      },
      "locked": {
        "lastModified": 1705068954,
        "narHash": "sha256-eMPIcB9wR5WyS0eVEqvPUao/kJq2+fOItzE5qJ9Xr1g=",
        "ref": "refs/heads/main",
        "rev": "304dce0caaac1d790983661360792d559894abf2",
        "revCount": 1765,
        "type": "git",
        "url": "https://git.clan.lol/clan/clan-core"
      },
      "original": {
        "type": "git",
        "url": "https://git.clan.lol/clan/clan-core"
      }
    },
    "disko": {
      "inputs": {
        "nixpkgs": [
          "clan-core",
          "nixpkgs"
        ]
      },
      "locked": {
        "lastModified": 1705017253,
        "narHash": "sha256-/ysUOnF/dYJXDTxi/fi4MNN7uYKRji5CKp3EIamXB+0=",
        "owner": "nix-community",
        "repo": "disko",
        "rev": "fa5db12d76f9e8ee11e572cdbe021230e48b6afa",
        "type": "github"
      },
      "original": {
        "owner": "nix-community",
        "repo": "disko",
        "type": "github"
      }
    },
    "flake-parts": {
      "inputs": {
        "nixpkgs-lib": [
          "clan-core",
          "nixpkgs"
        ]
      },
      "locked": {
        "lastModified": 1704982712,
        "narHash": "sha256-2Ptt+9h8dczgle2Oo6z5ni5rt/uLMG47UFTR1ry/wgg=",
        "owner": "hercules-ci",
        "repo": "flake-parts",
        "rev": "07f6395285469419cf9d078f59b5b49993198c00",
        "type": "github"
      },
      "original": {
        "owner": "hercules-ci",
        "repo": "flake-parts",
        "type": "github"
      }
    },
    "luispkgs": {
      "locked": {
        "lastModified": 1688589933,
        "narHash": "sha256-fRsD8WqrJjfzFZ7fW+A6my2L1MxeQfhy8JMJnpSgcv0=",
        "owner": "Luis-Hebendanz",
        "repo": "nixpkgs",
        "rev": "a29b3eb0f12236ddd5be13587a561ac6f94cd799",
        "type": "github"
      },
      "original": {
        "owner": "Luis-Hebendanz",
        "ref": "luispkgs",
        "repo": "nixpkgs",
        "type": "github"
      }
    },
    "master": {
      "locked": {
        "lastModified": 1705074089,
        "narHash": "sha256-747LHer8uL9Hpw7twLemIUfVgBv3zPSGP7anvpgrrzU=",
        "owner": "NixOS",
        "repo": "nixpkgs",
        "rev": "aca297f0d5713852149a795746b521423c701fe1",
        "type": "github"
      },
      "original": {
        "owner": "NixOS",
        "ref": "master",
        "repo": "nixpkgs",
        "type": "github"
      }
    },
    "nixlib": {
      "locked": {
        "lastModified": 1693701915,
        "narHash": "sha256-waHPLdDYUOHSEtMKKabcKIMhlUOHPOOPQ9UyFeEoovs=",
        "owner": "nix-community",
        "repo": "nixpkgs.lib",
        "rev": "f5af57d3ef9947a70ac86e42695231ac1ad00c25",
        "type": "github"
      },
      "original": {
        "owner": "nix-community",
        "repo": "nixpkgs.lib",
        "type": "github"
      }
    },
    "nixos-generators": {
      "inputs": {
        "nixlib": "nixlib",
        "nixpkgs": [
          "clan-core",
          "nixpkgs"
        ]
      },
      "locked": {
        "lastModified": 1701689616,
        "narHash": "sha256-ewnfgvRy73HoP5KnYmy1Rcr4m4yShvsb6TCCaKoW8pc=",
        "owner": "nix-community",
        "repo": "nixos-generators",
        "rev": "246219bc21b943c6f6812bb7744218ba0df08600",
        "type": "github"
      },
      "original": {
        "owner": "nix-community",
        "repo": "nixos-generators",
        "type": "github"
      }
    },
    "nixpkgs": {
      "locked": {
        "lastModified": 1655361562,
        "narHash": "sha256-chPaIIhmdL6jdZWpf/K6yQCsuBNOYuMqbJsNpLfrdTE=",
        "owner": "NixOS",
        "repo": "nixpkgs",
        "rev": "0b59d075675dc28bf9ebab466033280096c8d4fe",
        "type": "github"
      },
      "original": {
        "id": "nixpkgs",
        "type": "indirect"
      }
    },
    "nixpkgs_2": {
      "locked": {
        "lastModified": 1704916437,
        "narHash": "sha256-aE35YzfCrPPiBoCOKt0/GLd/Qar0Qq2VtUuC5XrY2Qk=",
        "owner": "NixOS",
        "repo": "nixpkgs",
        "rev": "5fcfdd4990ab907895fe9bcb1e2e4083d92ca670",
        "type": "github"
      },
      "original": {
        "owner": "NixOS",
        "ref": "nixos-unstable-small",
        "repo": "nixpkgs",
        "type": "github"
      }
    },
    "nixpkgs_3": {
      "locked": {
        "lastModified": 1703900474,
        "narHash": "sha256-Zu+chYVYG2cQ4FCbhyo6rc5Lu0ktZCjRbSPE0fDgukI=",
        "owner": "NixOS",
        "repo": "nixpkgs",
        "rev": "9dd7699928e26c3c00d5d46811f1358524081062",
        "type": "github"
      },
      "original": {
        "owner": "NixOS",
        "ref": "nixos-23.11",
        "repo": "nixpkgs",
        "type": "github"
      }
    },
    "nur": {
      "locked": {
        "lastModified": 1705071979,
        "narHash": "sha256-NqvlgB8e6JbDbtzeC+OZkWHp1VjxcaGCdO9IrW/OZYg=",
        "owner": "nix-community",
        "repo": "NUR",
        "rev": "78c2da2d2cfe95bf6dacaf091cc018ed7bf9b3c8",
        "type": "github"
      },
      "original": {
        "owner": "nix-community",
        "repo": "NUR",
        "type": "github"
      }
    },
    "retiolum": {
      "flake": false,
      "locked": {
        "lastModified": 1704762012,
        "narHash": "sha256-/uhrrFIZAdR0VPwpTqNf1bTywVti/BikLRjXaNZYKuE=",
        "owner": "Mic92",
        "repo": "retiolum",
        "rev": "186f7cff7d09c0330be2ae6644eb16ad531a5214",
        "type": "github"
      },
      "original": {
        "owner": "Mic92",
        "repo": "retiolum",
        "type": "github"
      }
    },
    "root": {
      "inputs": {
        "chrome-pwa": "chrome-pwa",
        "clan-core": "clan-core",
        "luispkgs": "luispkgs",
        "master": "master",
        "nixpkgs": "nixpkgs_3",
        "nur": "nur",
        "retiolum": "retiolum",
        "unstable": "unstable"
      }
    },
    "sops-nix": {
      "inputs": {
        "nixpkgs": [
          "clan-core",
          "nixpkgs"
        ],
        "nixpkgs-stable": [
          "clan-core"
        ]
      },
      "locked": {
        "lastModified": 1704908274,
        "narHash": "sha256-74W9Yyomv3COGRmKi8zvyA5tL2KLiVkBeaYmYLjXyOw=",
        "owner": "Mic92",
        "repo": "sops-nix",
        "rev": "c0b3a5af90fae3ba95645bbf85d2b64880addd76",
        "type": "github"
      },
      "original": {
        "owner": "Mic92",
        "repo": "sops-nix",
        "type": "github"
      }
    },
    "treefmt-nix": {
      "inputs": {
        "nixpkgs": [
          "clan-core",
          "nixpkgs"
        ]
      },
      "locked": {
        "lastModified": 1704649711,
        "narHash": "sha256-+qxqJrZwvZGilGiLQj3QbYssPdYCwl7ejwMImgH7VBQ=",
        "owner": "numtide",
        "repo": "treefmt-nix",
        "rev": "04f25d7bec9fb29d2c3bacaa48a3304840000d36",
        "type": "github"
      },
      "original": {
        "owner": "numtide",
        "repo": "treefmt-nix",
        "type": "github"
      }
    },
    "unstable": {
      "locked": {
        "lastModified": 1704722960,
        "narHash": "sha256-mKGJ3sPsT6//s+Knglai5YflJUF2DGj7Ai6Ynopz0kI=",
        "owner": "NixOS",
        "repo": "nixpkgs",
        "rev": "317484b1ead87b9c1b8ac5261a8d2dd748a0492d",
        "type": "github"
      },
      "original": {
        "owner": "NixOS",
        "ref": "nixos-unstable",
        "repo": "nixpkgs",
        "type": "github"
      }
    }
  },
  "root": "root",
  "version": 7
}
