{
  "nodes": {
    "chrome-pwa": {
      "inputs": {
        "nixpkgs": "nixpkgs"
      },
      "locked": {
        "lastModified": 1662039232,
        "narHash": "sha256-hzEjp/ENDpdAqHPfZL6w0ugMxidgOSPTA4K5TNjLvWA=",
        "owner": "luis-hebendanz",
        "repo": "nixos-chrome-pwa",
        "rev": "2b4cab0dde278b40d3774c87ef18074cb1b9707f",
        "type": "github"
      },
      "original": {
        "owner": "luis-hebendanz",
        "repo": "nixos-chrome-pwa",
        "type": "github"
      }
    },
    "luispkgs": {
      "locked": {
        "lastModified": 1688589933,
        "narHash": "sha256-fRsD8WqrJjfzFZ7fW+A6my2L1MxeQfhy8JMJnpSgcv0=",
        "owner": "Luis-Hebendanz",
        "repo": "nixpkgs",
        "rev": "a29b3eb0f12236ddd5be13587a561ac6f94cd799",
        "type": "github"
      },
      "original": {
        "owner": "Luis-Hebendanz",
        "ref": "luispkgs",
        "repo": "nixpkgs",
        "type": "github"
      }
    },
    "master": {
      "locked": {
        "lastModified": 1690926125,
        "narHash": "sha256-PocYuOQYkU7YXORwChqjnCNSfaJNhh3NHLF1ncC7s1U=",
        "owner": "NixOS",
        "repo": "nixpkgs",
        "rev": "6d99523870be7e86ccbfbbe279a7484a25c15f81",
        "type": "github"
      },
      "original": {
        "owner": "NixOS",
        "ref": "master",
        "repo": "nixpkgs",
        "type": "github"
      }
    },
    "nixpkgs": {
      "locked": {
        "lastModified": 1655361562,
        "narHash": "sha256-chPaIIhmdL6jdZWpf/K6yQCsuBNOYuMqbJsNpLfrdTE=",
        "owner": "NixOS",
        "repo": "nixpkgs",
        "rev": "0b59d075675dc28bf9ebab466033280096c8d4fe",
        "type": "github"
      },
      "original": {
        "id": "nixpkgs",
        "type": "indirect"
      }
    },
    "nixpkgs_2": {
      "locked": {
        "lastModified": 1690835256,
        "narHash": "sha256-SZy/Nvwbf6CorhEsvmjqgjoYNLnRfaKVZMfSnpUDPnc=",
        "owner": "NixOS",
        "repo": "nixpkgs",
        "rev": "b7cde1c47b7316f6138a2b36ef6627f3d16d645c",
        "type": "github"
      },
      "original": {
        "owner": "NixOS",
        "ref": "nixos-23.05",
        "repo": "nixpkgs",
        "type": "github"
      }
    },
    "nur": {
      "locked": {
        "lastModified": 1690926309,
        "narHash": "sha256-o7iKYSiQ4UAYBeOVShm/bF0wIU27Hgo5IzzgcqC0U0U=",
        "owner": "nix-community",
        "repo": "NUR",
        "rev": "e38f56eaa66b6b16cf0285489a00625cc03be607",
        "type": "github"
      },
      "original": {
        "owner": "nix-community",
        "repo": "NUR",
        "type": "github"
      }
    },
    "retiolum": {
      "flake": false,
      "locked": {
        "lastModified": 1690732808,
        "narHash": "sha256-+1Y4wD7+fyFEWjWck6rxKYlDf6OB2zzFaPP71/zjdEU=",
        "owner": "Mic92",
        "repo": "retiolum",
        "rev": "e29c0b48310d4520a4beb9782e94949ae43ab1ae",
        "type": "github"
      },
      "original": {
        "owner": "Mic92",
        "repo": "retiolum",
        "type": "github"
      }
    },
    "root": {
      "inputs": {
        "chrome-pwa": "chrome-pwa",
        "luispkgs": "luispkgs",
        "master": "master",
        "nixpkgs": "nixpkgs_2",
        "nur": "nur",
        "retiolum": "retiolum",
        "unstable": "unstable"
      }
    },
    "unstable": {
      "locked": {
        "lastModified": 1690881714,
        "narHash": "sha256-h/nXluEqdiQHs1oSgkOOWF+j8gcJMWhwnZ9PFabN6q0=",
        "owner": "NixOS",
        "repo": "nixpkgs",
        "rev": "9e1960bc196baf6881340d53dccb203a951745a2",
        "type": "github"
      },
      "original": {
        "owner": "NixOS",
        "ref": "nixos-unstable",
        "repo": "nixpkgs",
        "type": "github"
      }
    }
  },
  "root": "root",
  "version": 7
}
